
Microsoft Visual Studio Solution File, Format Version 12.00
# Visual Studio Version 17
VisualStudioVersion = 17.2.32630.192
MinimumVisualStudioVersion = 10.0.40219.1
Project("{9A19103F-16F7-4668-BE54-9A1E7A4F7556}") = "BlazorCRUDApp", "BlazorCRUDApp\BlazorCRUDApp.csproj", "{AA954721-A9FB-4667-BCDF-D3BEDC754B5A}"
EndProject
Project("{FAE04EC0-301F-11D3-BF4B-00C04F79EFBC}") = "DataAccessLibrary", "DataAccessLibrary\DataAccessLibrary.csproj", "{1045FDF3-5723-4863-A5BE-0E542C4202A0}"
EndProject
Global
	GlobalSection(SolutionConfigurationPlatforms) = preSolution
		Debug|Any CPU = Debug|Any CPU
		Release|Any CPU = Release|Any CPU
	EndGlobalSection
	GlobalSection(ProjectConfigurationPlatforms) = postSolution
		{AA954721-A9FB-4667-BCDF-D3BEDC754B5A}.Debug|Any CPU.ActiveCfg = Debug|Any CPU
		{AA954721-A9FB-4667-BCDF-D3BEDC754B5A}.Debug|Any CPU.Build.0 = Debug|Any CPU
		{AA954721-A9FB-4667-BCDF-D3BEDC754B5A}.Release|Any CPU.ActiveCfg = Release|Any CPU
		{AA954721-A9FB-4667-BCDF-D3BEDC754B5A}.Release|Any CPU.Build.0 = Release|Any CPU
		{1045FDF3-5723-4863-A5BE-0E542C4202A0}.Debug|Any CPU.ActiveCfg = Debug|Any CPU
		{1045FDF3-5723-4863-A5BE-0E542C4202A0}.Debug|Any CPU.Build.0 = Debug|Any CPU
		{1045FDF3-5723-4863-A5BE-0E542C4202A0}.Release|Any CPU.ActiveCfg = Release|Any CPU
		{1045FDF3-5723-4863-A5BE-0E542C4202A0}.Release|Any CPU.Build.0 = Release|Any CPU
	EndGlobalSection
	GlobalSection(SolutionProperties) = preSolution
		HideSolutionNode = FALSE
	EndGlobalSection
	GlobalSection(ExtensibilityGlobals) = postSolution
		SolutionGuid = {606D01B4-526F-4215-AAC3-932BE1124D63}
	EndGlobalSection
EndGlobal
